
Microsoft Visual Studio Solution File, Format Version 12.00
# Visual Studio 2013
Project("{FAE04EC0-301F-11D3-BF4B-00C04F79EFBC}") = "MaxstARSample_ImageTracker_Terrain.CSharp", "MaxstARSample_ImageTracker_Terrain.CSharp.csproj", "{A7EC6F58-CDF6-D097-E4DB-D92F6591821F}"
EndProject
Project("{FAE04EC0-301F-11D3-BF4B-00C04F79EFBC}") = "MaxstARSample_ImageTracker_Terrain.CSharp.Editor", "MaxstARSample_ImageTracker_Terrain.CSharp.Editor.csproj", "{98C6B01C-7AD7-9069-3CFC-E5FC3962B874}"
EndProject
Global
	GlobalSection(SolutionConfigurationPlatforms) = preSolution
		Debug|Any CPU = Debug|Any CPU
		Release|Any CPU = Release|Any CPU
	EndGlobalSection
	GlobalSection(ProjectConfigurationPlatforms) = postSolution
		{A7EC6F58-CDF6-D097-E4DB-D92F6591821F}.Debug|Any CPU.ActiveCfg = Debug|Any CPU
		{A7EC6F58-CDF6-D097-E4DB-D92F6591821F}.Debug|Any CPU.Build.0 = Debug|Any CPU
		{A7EC6F58-CDF6-D097-E4DB-D92F6591821F}.Release|Any CPU.ActiveCfg = Release|Any CPU
		{A7EC6F58-CDF6-D097-E4DB-D92F6591821F}.Release|Any CPU.Build.0 = Release|Any CPU
		{98C6B01C-7AD7-9069-3CFC-E5FC3962B874}.Debug|Any CPU.ActiveCfg = Debug|Any CPU
		{98C6B01C-7AD7-9069-3CFC-E5FC3962B874}.Debug|Any CPU.Build.0 = Debug|Any CPU
		{98C6B01C-7AD7-9069-3CFC-E5FC3962B874}.Release|Any CPU.ActiveCfg = Release|Any CPU
		{98C6B01C-7AD7-9069-3CFC-E5FC3962B874}.Release|Any CPU.Build.0 = Release|Any CPU
	EndGlobalSection
	GlobalSection(SolutionProperties) = preSolution
		HideSolutionNode = FALSE
	EndGlobalSection
EndGlobal
